Microsoft Visual Studio Solution File, Format Version 12.00
# Visual Studio Version 17
VisualStudioVersion = 17.5.2.0
MinimumVisualStudioVersion = 10.0.40219.1
Project("{FAE04EC0-301F-11D3-BF4B-00C04F79EFBC}") = "MyLambdaFunction", "MyLambdaFunction.csproj", "{04B80684-5BCD-4DB6-5597-C87AF8FF6509}"
EndProject
Global
	GlobalSection(SolutionConfigurationPlatforms) = preSolution
		Debug|Any CPU = Debug|Any CPU
		Release|Any CPU = Release|Any CPU
	EndGlobalSection
	GlobalSection(ProjectConfigurationPlatforms) = postSolution
		{04B80684-5BCD-4DB6-5597-C87AF8FF6509}.Debug|Any CPU.ActiveCfg = Debug|Any CPU
		{04B80684-5BCD-4DB6-5597-C87AF8FF6509}.Debug|Any CPU.Build.0 = Debug|Any CPU
		{04B80684-5BCD-4DB6-5597-C87AF8FF6509}.Release|Any CPU.ActiveCfg = Release|Any CPU
		{04B80684-5BCD-4DB6-5597-C87AF8FF6509}.Release|Any CPU.Build.0 = Release|Any CPU
	EndGlobalSection
	GlobalSection(SolutionProperties) = preSolution
		HideSolutionNode = FALSE
	EndGlobalSection
	GlobalSection(ExtensibilityGlobals) = postSolution
		SolutionGuid = {79D5A1C3-66A9-4CD4-BB25-CD77928D39BF}
	EndGlobalSection
EndGlobal
